
Microsoft Visual Studio Solution File, Format Version 12.00
# Visual Studio Version 17
VisualStudioVersion = 17.14.36705.20 d17.14
MinimumVisualStudioVersion = 10.0.40219.1
Project("{FAE04EC0-301F-11D3-BF4B-00C04F79EFBC}") = "GameStore", "GameStore\GameStore.csproj", "{4A7E77FF-7AAF-4B9F-A334-C7CA139BA3D2}"
EndProject
Global
	GlobalSection(SolutionConfigurationPlatforms) = preSolution
		Debug|Any CPU = Debug|Any CPU
		Release|Any CPU = Release|Any CPU
	EndGlobalSection
	GlobalSection(ProjectConfigurationPlatforms) = postSolution
		{4A7E77FF-7AAF-4B9F-A334-C7CA139BA3D2}.Debug|Any CPU.ActiveCfg = Debug|Any CPU
		{4A7E77FF-7AAF-4B9F-A334-C7CA139BA3D2}.Debug|Any CPU.Build.0 = Debug|Any CPU
		{4A7E77FF-7AAF-4B9F-A334-C7CA139BA3D2}.Release|Any CPU.ActiveCfg = Release|Any CPU
		{4A7E77FF-7AAF-4B9F-A334-C7CA139BA3D2}.Release|Any CPU.Build.0 = Release|Any CPU
	EndGlobalSection
	GlobalSection(SolutionProperties) = preSolution
		HideSolutionNode = FALSE
	EndGlobalSection
	GlobalSection(ExtensibilityGlobals) = postSolution
		SolutionGuid = {9CDF1A63-6E84-409A-8BAF-2892F6E7A393}
	EndGlobalSection
EndGlobal
